
Microsoft Visual Studio Solution File, Format Version 12.00
# Visual Studio Version 17
VisualStudioVersion = 17.9.34723.18
MinimumVisualStudioVersion = 10.0.40219.1
Project("{FAE04EC0-301F-11D3-BF4B-00C04F79EFBC}") = "LabRegisterV1", "LabRegisterV1\LabRegisterV1.csproj", "{EB2CCC72-BF65-4124-8D60-021A5843F8C3}"
EndProject
Project("{FAE04EC0-301F-11D3-BF4B-00C04F79EFBC}") = "LabLocker", "LabLocker\LabLocker.csproj", "{9E848467-30C2-4D36-A6B0-6358519AC086}"
EndProject
Project("{FAE04EC0-301F-11D3-BF4B-00C04F79EFBC}") = "LabStarter", "LabStarter\LabStarter.csproj", "{1F732321-C608-4E66-8ECA-B555B64088DB}"
EndProject
Project("{FAE04EC0-301F-11D3-BF4B-00C04F79EFBC}") = "HomePages", "HomePages\HomePages.csproj", "{008E28BF-58D3-4093-B140-061DC1B1808F}"
EndProject
Project("{FAE04EC0-301F-11D3-BF4B-00C04F79EFBC}") = "DBTester3", "DBTester3\DBTester3.csproj", "{D2185FFB-1DB3-4594-860C-A8F415D6AFEF}"
EndProject
Global
	GlobalSection(SolutionConfigurationPlatforms) = preSolution
		Debug|Any CPU = Debug|Any CPU
		Release|Any CPU = Release|Any CPU
	EndGlobalSection
	GlobalSection(ProjectConfigurationPlatforms) = postSolution
		{EB2CCC72-BF65-4124-8D60-021A5843F8C3}.Debug|Any CPU.ActiveCfg = Debug|Any CPU
		{EB2CCC72-BF65-4124-8D60-021A5843F8C3}.Debug|Any CPU.Build.0 = Debug|Any CPU
		{EB2CCC72-BF65-4124-8D60-021A5843F8C3}.Release|Any CPU.ActiveCfg = Release|Any CPU
		{EB2CCC72-BF65-4124-8D60-021A5843F8C3}.Release|Any CPU.Build.0 = Release|Any CPU
		{9E848467-30C2-4D36-A6B0-6358519AC086}.Debug|Any CPU.ActiveCfg = Debug|Any CPU
		{9E848467-30C2-4D36-A6B0-6358519AC086}.Debug|Any CPU.Build.0 = Debug|Any CPU
		{9E848467-30C2-4D36-A6B0-6358519AC086}.Release|Any CPU.ActiveCfg = Release|Any CPU
		{9E848467-30C2-4D36-A6B0-6358519AC086}.Release|Any CPU.Build.0 = Release|Any CPU
		{1F732321-C608-4E66-8ECA-B555B64088DB}.Debug|Any CPU.ActiveCfg = Debug|Any CPU
		{1F732321-C608-4E66-8ECA-B555B64088DB}.Debug|Any CPU.Build.0 = Debug|Any CPU
		{1F732321-C608-4E66-8ECA-B555B64088DB}.Release|Any CPU.ActiveCfg = Release|Any CPU
		{1F732321-C608-4E66-8ECA-B555B64088DB}.Release|Any CPU.Build.0 = Release|Any CPU
		{008E28BF-58D3-4093-B140-061DC1B1808F}.Debug|Any CPU.ActiveCfg = Debug|Any CPU
		{008E28BF-58D3-4093-B140-061DC1B1808F}.Debug|Any CPU.Build.0 = Debug|Any CPU
		{008E28BF-58D3-4093-B140-061DC1B1808F}.Release|Any CPU.ActiveCfg = Release|Any CPU
		{008E28BF-58D3-4093-B140-061DC1B1808F}.Release|Any CPU.Build.0 = Release|Any CPU
		{D2185FFB-1DB3-4594-860C-A8F415D6AFEF}.Debug|Any CPU.ActiveCfg = Debug|Any CPU
		{D2185FFB-1DB3-4594-860C-A8F415D6AFEF}.Debug|Any CPU.Build.0 = Debug|Any CPU
		{D2185FFB-1DB3-4594-860C-A8F415D6AFEF}.Release|Any CPU.ActiveCfg = Release|Any CPU
		{D2185FFB-1DB3-4594-860C-A8F415D6AFEF}.Release|Any CPU.Build.0 = Release|Any CPU
	EndGlobalSection
	GlobalSection(SolutionProperties) = preSolution
		HideSolutionNode = FALSE
	EndGlobalSection
	GlobalSection(ExtensibilityGlobals) = postSolution
		SolutionGuid = {C97C3A4B-CAA8-408C-9251-0F40467635FD}
	EndGlobalSection
EndGlobal
